
Microsoft Visual Studio Solution File, Format Version 12.00
# Visual Studio 14
VisualStudioVersion = 14.0.25420.1
MinimumVisualStudioVersion = 10.0.40219.1
Project("{FAE04EC0-301F-11D3-BF4B-00C04F79EFBC}") = "server", "Server\server.csproj", "{DEE47F97-B2FB-4B49-A484-3B8E3DBA3CCD}"
EndProject
Project("{FAE04EC0-301F-11D3-BF4B-00C04F79EFBC}") = "core", "Core\core.csproj", "{1BDE39A1-3A03-4C37-8D22-C107965A3CFF}"
EndProject
Project("{FAE04EC0-301F-11D3-BF4B-00C04F79EFBC}") = "server-cli", "server-cli\server-cli.csproj", "{3CA28CF4-A008-41F4-875B-D5661D84B290}"
EndProject
Project("{D954291E-2A0B-460D-934E-DC6B0785DB48}") = "cli", "cli\cli.shproj", "{2F077019-73AB-434C-A936-24134349D3C8}"
EndProject
Project("{FAE04EC0-301F-11D3-BF4B-00C04F79EFBC}") = "factors", "Factors\factors.csproj", "{819907C5-1222-4409-8B1C-356EFB783C0C}"
EndProject
Project("{FAE04EC0-301F-11D3-BF4B-00C04F79EFBC}") = "selection", "Selection\selection.csproj", "{A994889F-6199-49BA-BA05-37C0DA5AF09A}"
EndProject
Project("{FAE04EC0-301F-11D3-BF4B-00C04F79EFBC}") = "web", "Web\web.csproj", "{CDCA9700-FD3C-4005-9FC9-3D0077C1B8D5}"
EndProject
Project("{FAE04EC0-301F-11D3-BF4B-00C04F79EFBC}") = "quant", "quant\quant.csproj", "{ABEFE2C5-F692-4E36-BA1D-EB1CEF5B3D05}"
EndProject
Project("{FAE04EC0-301F-11D3-BF4B-00C04F79EFBC}") = "interface", "Interface\interface.csproj", "{0C5EFA4E-486E-42D8-8ECD-73B1377EE59D}"
EndProject
Global
	GlobalSection(SharedMSBuildProjectFiles) = preSolution
		cli\cli.projitems*{2f077019-73ab-434c-a936-24134349d3c8}*SharedItemsImports = 13
		cli\cli.projitems*{3ca28cf4-a008-41f4-875b-d5661d84b290}*SharedItemsImports = 4
		cli\cli.projitems*{abefe2c5-f692-4e36-ba1d-eb1cef5b3d05}*SharedItemsImports = 4
		cli\cli.projitems*{dee47f97-b2fb-4b49-a484-3b8e3dba3ccd}*SharedItemsImports = 4
	EndGlobalSection
	GlobalSection(SolutionConfigurationPlatforms) = preSolution
		Debug|Any CPU = Debug|Any CPU
		Release|Any CPU = Release|Any CPU
	EndGlobalSection
	GlobalSection(ProjectConfigurationPlatforms) = postSolution
		{DEE47F97-B2FB-4B49-A484-3B8E3DBA3CCD}.Debug|Any CPU.ActiveCfg = Debug|Any CPU
		{DEE47F97-B2FB-4B49-A484-3B8E3DBA3CCD}.Debug|Any CPU.Build.0 = Debug|Any CPU
		{DEE47F97-B2FB-4B49-A484-3B8E3DBA3CCD}.Release|Any CPU.ActiveCfg = Release|Any CPU
		{DEE47F97-B2FB-4B49-A484-3B8E3DBA3CCD}.Release|Any CPU.Build.0 = Release|Any CPU
		{1BDE39A1-3A03-4C37-8D22-C107965A3CFF}.Debug|Any CPU.ActiveCfg = Debug|Any CPU
		{1BDE39A1-3A03-4C37-8D22-C107965A3CFF}.Debug|Any CPU.Build.0 = Debug|Any CPU
		{1BDE39A1-3A03-4C37-8D22-C107965A3CFF}.Release|Any CPU.ActiveCfg = Release|Any CPU
		{1BDE39A1-3A03-4C37-8D22-C107965A3CFF}.Release|Any CPU.Build.0 = Release|Any CPU
		{3CA28CF4-A008-41F4-875B-D5661D84B290}.Debug|Any CPU.ActiveCfg = Debug|Any CPU
		{3CA28CF4-A008-41F4-875B-D5661D84B290}.Debug|Any CPU.Build.0 = Debug|Any CPU
		{3CA28CF4-A008-41F4-875B-D5661D84B290}.Release|Any CPU.ActiveCfg = Release|Any CPU
		{3CA28CF4-A008-41F4-875B-D5661D84B290}.Release|Any CPU.Build.0 = Release|Any CPU
		{819907C5-1222-4409-8B1C-356EFB783C0C}.Debug|Any CPU.ActiveCfg = Debug|Any CPU
		{819907C5-1222-4409-8B1C-356EFB783C0C}.Debug|Any CPU.Build.0 = Debug|Any CPU
		{819907C5-1222-4409-8B1C-356EFB783C0C}.Release|Any CPU.ActiveCfg = Release|Any CPU
		{819907C5-1222-4409-8B1C-356EFB783C0C}.Release|Any CPU.Build.0 = Release|Any CPU
		{A994889F-6199-49BA-BA05-37C0DA5AF09A}.Debug|Any CPU.ActiveCfg = Debug|Any CPU
		{A994889F-6199-49BA-BA05-37C0DA5AF09A}.Debug|Any CPU.Build.0 = Debug|Any CPU
		{A994889F-6199-49BA-BA05-37C0DA5AF09A}.Release|Any CPU.ActiveCfg = Release|Any CPU
		{A994889F-6199-49BA-BA05-37C0DA5AF09A}.Release|Any CPU.Build.0 = Release|Any CPU
		{CDCA9700-FD3C-4005-9FC9-3D0077C1B8D5}.Debug|Any CPU.ActiveCfg = Debug|Any CPU
		{CDCA9700-FD3C-4005-9FC9-3D0077C1B8D5}.Debug|Any CPU.Build.0 = Debug|Any CPU
		{CDCA9700-FD3C-4005-9FC9-3D0077C1B8D5}.Release|Any CPU.ActiveCfg = Release|Any CPU
		{CDCA9700-FD3C-4005-9FC9-3D0077C1B8D5}.Release|Any CPU.Build.0 = Release|Any CPU
		{ABEFE2C5-F692-4E36-BA1D-EB1CEF5B3D05}.Debug|Any CPU.ActiveCfg = Debug|Any CPU
		{ABEFE2C5-F692-4E36-BA1D-EB1CEF5B3D05}.Debug|Any CPU.Build.0 = Debug|Any CPU
		{ABEFE2C5-F692-4E36-BA1D-EB1CEF5B3D05}.Release|Any CPU.ActiveCfg = Release|Any CPU
		{ABEFE2C5-F692-4E36-BA1D-EB1CEF5B3D05}.Release|Any CPU.Build.0 = Release|Any CPU
		{0C5EFA4E-486E-42D8-8ECD-73B1377EE59D}.Debug|Any CPU.ActiveCfg = Debug|Any CPU
		{0C5EFA4E-486E-42D8-8ECD-73B1377EE59D}.Debug|Any CPU.Build.0 = Debug|Any CPU
		{0C5EFA4E-486E-42D8-8ECD-73B1377EE59D}.Release|Any CPU.ActiveCfg = Release|Any CPU
		{0C5EFA4E-486E-42D8-8ECD-73B1377EE59D}.Release|Any CPU.Build.0 = Release|Any CPU
	EndGlobalSection
	GlobalSection(SolutionProperties) = preSolution
		HideSolutionNode = FALSE
	EndGlobalSection
EndGlobal
